
Microsoft Visual Studio Solution File, Format Version 12.00
# Visual Studio Version 17
VisualStudioVersion = 17.6.33815.320
MinimumVisualStudioVersion = 10.0.40219.1
Project("{9A19103F-16F7-4668-BE54-9A1E7A4F7556}") = "CTEMS", "CTEMS.csproj", "{CE1BEF3D-BA47-42A7-B4A9-4AF696BC2807}"
EndProject
Project("{9A19103F-16F7-4668-BE54-9A1E7A4F7556}") = "CTEMS.Lib", "..\CTEMS.Lib\CTEMS.Lib.csproj", "{61C57F7B-4B6C-4B77-B9A9-B969F30980E5}"
EndProject
Project("{9A19103F-16F7-4668-BE54-9A1E7A4F7556}") = "CTEMS.Infrastructure", "..\CTEMS.Infrastructure\CTEMS.Infrastructure.csproj", "{5EB0AB77-97EC-4EDB-8902-EBE1560A21C0}"
EndProject
Project("{9A19103F-16F7-4668-BE54-9A1E7A4F7556}") = "CTEMS.Service", "..\CTEMS.Service\CTEMS.Service.csproj", "{9359D1E4-29FF-4AD7-AFBB-82996123E657}"
EndProject
Project("{FAE04EC0-301F-11D3-BF4B-00C04F79EFBC}") = "Common", "..\Common\Common.csproj", "{09FFAACD-FF41-4ABB-9CEA-584B030F2E18}"
EndProject
Project("{FAE04EC0-301F-11D3-BF4B-00C04F79EFBC}") = "MinimalAPIs", "..\MinimalAPIs\MinimalAPIs.csproj", "{9026D203-B866-4FFC-9676-B14155A5B14D}"
EndProject
Project("{FAE04EC0-301F-11D3-BF4B-00C04F79EFBC}") = "CTEM_AOT", "..\CTEM_AOT\CTEM_AOT.csproj", "{DD745118-C784-4FA1-B2E3-3C62221D52E5}"
EndProject
Global
	GlobalSection(SolutionConfigurationPlatforms) = preSolution
		Debug|Any CPU = Debug|Any CPU
		Release|Any CPU = Release|Any CPU
	EndGlobalSection
	GlobalSection(ProjectConfigurationPlatforms) = postSolution
		{CE1BEF3D-BA47-42A7-B4A9-4AF696BC2807}.Debug|Any CPU.ActiveCfg = Debug|Any CPU
		{CE1BEF3D-BA47-42A7-B4A9-4AF696BC2807}.Debug|Any CPU.Build.0 = Debug|Any CPU
		{CE1BEF3D-BA47-42A7-B4A9-4AF696BC2807}.Release|Any CPU.ActiveCfg = Release|Any CPU
		{CE1BEF3D-BA47-42A7-B4A9-4AF696BC2807}.Release|Any CPU.Build.0 = Release|Any CPU
		{61C57F7B-4B6C-4B77-B9A9-B969F30980E5}.Debug|Any CPU.ActiveCfg = Debug|Any CPU
		{61C57F7B-4B6C-4B77-B9A9-B969F30980E5}.Debug|Any CPU.Build.0 = Debug|Any CPU
		{61C57F7B-4B6C-4B77-B9A9-B969F30980E5}.Release|Any CPU.ActiveCfg = Release|Any CPU
		{61C57F7B-4B6C-4B77-B9A9-B969F30980E5}.Release|Any CPU.Build.0 = Release|Any CPU
		{5EB0AB77-97EC-4EDB-8902-EBE1560A21C0}.Debug|Any CPU.ActiveCfg = Debug|Any CPU
		{5EB0AB77-97EC-4EDB-8902-EBE1560A21C0}.Debug|Any CPU.Build.0 = Debug|Any CPU
		{5EB0AB77-97EC-4EDB-8902-EBE1560A21C0}.Release|Any CPU.ActiveCfg = Release|Any CPU
		{5EB0AB77-97EC-4EDB-8902-EBE1560A21C0}.Release|Any CPU.Build.0 = Release|Any CPU
		{9359D1E4-29FF-4AD7-AFBB-82996123E657}.Debug|Any CPU.ActiveCfg = Debug|Any CPU
		{9359D1E4-29FF-4AD7-AFBB-82996123E657}.Debug|Any CPU.Build.0 = Debug|Any CPU
		{9359D1E4-29FF-4AD7-AFBB-82996123E657}.Release|Any CPU.ActiveCfg = Release|Any CPU
		{9359D1E4-29FF-4AD7-AFBB-82996123E657}.Release|Any CPU.Build.0 = Release|Any CPU
		{09FFAACD-FF41-4ABB-9CEA-584B030F2E18}.Debug|Any CPU.ActiveCfg = Debug|Any CPU
		{09FFAACD-FF41-4ABB-9CEA-584B030F2E18}.Debug|Any CPU.Build.0 = Debug|Any CPU
		{09FFAACD-FF41-4ABB-9CEA-584B030F2E18}.Release|Any CPU.ActiveCfg = Release|Any CPU
		{09FFAACD-FF41-4ABB-9CEA-584B030F2E18}.Release|Any CPU.Build.0 = Release|Any CPU
		{9026D203-B866-4FFC-9676-B14155A5B14D}.Debug|Any CPU.ActiveCfg = Debug|Any CPU
		{9026D203-B866-4FFC-9676-B14155A5B14D}.Debug|Any CPU.Build.0 = Debug|Any CPU
		{9026D203-B866-4FFC-9676-B14155A5B14D}.Release|Any CPU.ActiveCfg = Release|Any CPU
		{9026D203-B866-4FFC-9676-B14155A5B14D}.Release|Any CPU.Build.0 = Release|Any CPU
		{DD745118-C784-4FA1-B2E3-3C62221D52E5}.Debug|Any CPU.ActiveCfg = Debug|Any CPU
		{DD745118-C784-4FA1-B2E3-3C62221D52E5}.Debug|Any CPU.Build.0 = Debug|Any CPU
		{DD745118-C784-4FA1-B2E3-3C62221D52E5}.Release|Any CPU.ActiveCfg = Release|Any CPU
		{DD745118-C784-4FA1-B2E3-3C62221D52E5}.Release|Any CPU.Build.0 = Release|Any CPU
	EndGlobalSection
	GlobalSection(SolutionProperties) = preSolution
		HideSolutionNode = FALSE
	EndGlobalSection
	GlobalSection(ExtensibilityGlobals) = postSolution
		SolutionGuid = {6A23D7FA-09FC-46B0-B5DC-BCF0C96D6A97}
	EndGlobalSection
EndGlobal
